# THIS IS AN AUTOGENERATED FILE. DO NOT EDIT THIS FILE DIRECTLY.
# yarn lockfile v1


"@esbuild/linux-x64@0.17.18":
  version "0.17.18"
  resolved "https://registry.npmjs.org/@esbuild/linux-x64/-/linux-x64-0.17.18.tgz"
  integrity sha512-66RmRsPlYy4jFl0vG80GcNRdirx4nVWAzJmXkevgphP1qf4dsLQCpSKGM3DUQCojwU1hnepI63gNZdrr02wHUA==

"@tauri-apps/api@^1.3.0":
  version "1.3.0"
  resolved "https://registry.npmjs.org/@tauri-apps/api/-/api-1.3.0.tgz"
  integrity sha512-AH+3FonkKZNtfRtGrObY38PrzEj4d+1emCbwNGu0V2ENbXjlLHMZQlUh+Bhu/CRmjaIwZMGJ3yFvWaZZgTHoog==

"@tauri-apps/cli-linux-x64-gnu@1.3.0":
  version "1.3.0"
  resolved "https://registry.npmjs.org/@tauri-apps/cli-linux-x64-gnu/-/cli-linux-x64-gnu-1.3.0.tgz"
  integrity sha512-K3KRWSGKh7DTBr/ZKgWzeNX1Vdgx1ZBlUJXsm72R0Hb+93fDEp3TWgiwVkxqecB4aNWJhJsDcvRHuxw1G8xPlA==

"@tauri-apps/cli-linux-x64-musl@1.3.0":
  version "1.3.0"
  resolved "https://registry.npmjs.org/@tauri-apps/cli-linux-x64-musl/-/cli-linux-x64-musl-1.3.0.tgz"
  integrity sha512-99bVHqL1EtF7oESrlmEb5BWJsMNQ2ha70gesZhaVO2qI9Vg089XvrFZWC+aGiUsXNFrOw270+D9DKn03xO5+Zg==

"@tauri-apps/cli@^1.3.0":
  version "1.3.0"
  resolved "https://registry.npmjs.org/@tauri-apps/cli/-/cli-1.3.0.tgz"
  integrity sha512-H65YQQkE6SBTQ+KlqTmzx7oCL/2p36v2jPFVNHBhZ5EN7g0VLYmImh9TFcB/QsO2aT+sVlRZSmTpL3R0Iiu8pA==
  optionalDependencies:
    "@tauri-apps/cli-darwin-arm64" "1.3.0"
    "@tauri-apps/cli-darwin-x64" "1.3.0"
    "@tauri-apps/cli-linux-arm-gnueabihf" "1.3.0"
    "@tauri-apps/cli-linux-arm64-gnu" "1.3.0"
    "@tauri-apps/cli-linux-arm64-musl" "1.3.0"
    "@tauri-apps/cli-linux-x64-gnu" "1.3.0"
    "@tauri-apps/cli-linux-x64-musl" "1.3.0"
    "@tauri-apps/cli-win32-ia32-msvc" "1.3.0"
    "@tauri-apps/cli-win32-x64-msvc" "1.3.0"

esbuild@^0.17.5:
  version "0.17.18"
  resolved "https://registry.npmjs.org/esbuild/-/esbuild-0.17.18.tgz"
  integrity sha512-z1lix43jBs6UKjcZVKOw2xx69ffE2aG0PygLL5qJ9OS/gy0Ewd1gW/PUQIOIQGXBHWNywSc0floSKoMFF8aK2w==
  optionalDependencies:
    "@esbuild/android-arm" "0.17.18"
    "@esbuild/android-arm64" "0.17.18"
    "@esbuild/android-x64" "0.17.18"
    "@esbuild/darwin-arm64" "0.17.18"
    "@esbuild/darwin-x64" "0.17.18"
    "@esbuild/freebsd-arm64" "0.17.18"
    "@esbuild/freebsd-x64" "0.17.18"
    "@esbuild/linux-arm" "0.17.18"
    "@esbuild/linux-arm64" "0.17.18"
    "@esbuild/linux-ia32" "0.17.18"
    "@esbuild/linux-loong64" "0.17.18"
    "@esbuild/linux-mips64el" "0.17.18"
    "@esbuild/linux-ppc64" "0.17.18"
    "@esbuild/linux-riscv64" "0.17.18"
    "@esbuild/linux-s390x" "0.17.18"
    "@esbuild/linux-x64" "0.17.18"
    "@esbuild/netbsd-x64" "0.17.18"
    "@esbuild/openbsd-x64" "0.17.18"
    "@esbuild/sunos-x64" "0.17.18"
    "@esbuild/win32-arm64" "0.17.18"
    "@esbuild/win32-ia32" "0.17.18"
    "@esbuild/win32-x64" "0.17.18"

nanoid@^3.3.6:
  version "3.3.6"
  resolved "https://registry.npmjs.org/nanoid/-/nanoid-3.3.6.tgz"
  integrity sha512-BGcqMMJuToF7i1rt+2PWSNVnWIkGCU78jBG3RxO/bZlnZPK2Cmi2QaffxGO/2RvWi9sL+FAiRiXMgsyxQ1DIDA==

picocolors@^1.0.0:
  version "1.0.0"
  resolved "https://registry.npmjs.org/picocolors/-/picocolors-1.0.0.tgz"
  integrity sha512-1fygroTLlHu66zi26VoTDv8yRgm0Fccecssto+MhsZ0D/DGW2sm8E8AjW7NU5VVTRt5GxbeZ5qBuJr+HyLYkjQ==

postcss@^8.4.23:
  version "8.4.23"
  resolved "https://registry.npmjs.org/postcss/-/postcss-8.4.23.tgz"
  integrity sha512-bQ3qMcpF6A/YjR55xtoTr0jGOlnPOKAIMdOWiv0EIT6HVPEaJiJB4NLljSbiHoC2RX7DN5Uvjtpbg1NPdwv1oA==
  dependencies:
    nanoid "^3.3.6"
    picocolors "^1.0.0"
    source-map-js "^1.0.2"

rollup@^3.21.0:
  version "3.21.5"
  resolved "https://registry.npmjs.org/rollup/-/rollup-3.21.5.tgz"
  integrity sha512-a4NTKS4u9PusbUJcfF4IMxuqjFzjm6ifj76P54a7cKnvVzJaG12BLVR+hgU2YDGHzyMMQNxLAZWuALsn8q2oQg==
  optionalDependencies:
    fsevents "~2.3.2"

source-map-js@^1.0.2:
  version "1.0.2"
  resolved "https://registry.npmjs.org/source-map-js/-/source-map-js-1.0.2.tgz"
  integrity sha512-R0XvVJ9WusLiqTCEiGCmICCMplcCkIwwR11mOSD9CR5u+IXYdiseeEuXCVAjS54zqwkLcPNnmU4OeJ6tUrWhDw==

typescript@^4.8.2:
  version "4.9.5"
  resolved "https://registry.npmjs.org/typescript/-/typescript-4.9.5.tgz"
  integrity sha512-1FXk9E2Hm+QzZQ7z+McJiHL4NW1F2EzMu9Nq9i3zAaGqibafqYwCVU6WyWAuyQRRzOlxou8xZSyXLEN8oKj24g==

vite@^4.2.1:
  version "4.3.5"
  resolved "https://registry.npmjs.org/vite/-/vite-4.3.5.tgz"
  integrity sha512-0gEnL9wiRFxgz40o/i/eTBwm+NEbpUeTWhzKrZDSdKm6nplj+z4lKz8ANDgildxHm47Vg8EUia0aicKbawUVVA==
  dependencies:
    esbuild "^0.17.5"
    postcss "^8.4.23"
    rollup "^3.21.0"
  optionalDependencies:
    fsevents "~2.3.2"
